
Microsoft Visual Studio Solution File, Format Version 12.00
# Visual Studio Version 16
VisualStudioVersion = 16.0.30114.105
MinimumVisualStudioVersion = 10.0.40219.1
Project("{FAE04EC0-301F-11D3-BF4B-00C04F79EFBC}") = "Sims1WidescreenPatcher.Core", "Sims1WidescreenPatcher.Core\Sims1WidescreenPatcher.Core.csproj", "{9B8A969E-C471-4EE9-9641-3DC00433D5FC}"
EndProject
Project("{FAE04EC0-301F-11D3-BF4B-00C04F79EFBC}") = "Sims1WidescreenPatcher.Images", "Sims1WidescreenPatcher.Images\Sims1WidescreenPatcher.Images.csproj", "{A6ED4FE0-50E8-417A-9BC6-454D5A45335C}"
EndProject
Project("{FAE04EC0-301F-11D3-BF4B-00C04F79EFBC}") = "Sims1WidescreenPatcher.UI", "Sims1WidescreenPatcher.UI\Sims1WidescreenPatcher.UI.csproj", "{2F731277-2432-4D7F-ABBD-CD18E28CB9DD}"
EndProject
Project("{FAE04EC0-301F-11D3-BF4B-00C04F79EFBC}") = "Sims1WidescreenPatcher.Utilities", "Sims1WidescreenPatcher.Utilities\Sims1WidescreenPatcher.Utilities.csproj", "{B0D335E0-176B-4665-B2B4-00BA999226CE}"
EndProject
Project("{FAE04EC0-301F-11D3-BF4B-00C04F79EFBC}") = "Sims1WidescreenPatcher.Linux", "Sims1WidescreenPatcher.Linux\Sims1WidescreenPatcher.Linux.csproj", "{0F8C929B-C118-456F-B207-44FB5342493E}"
EndProject
Global
	GlobalSection(SolutionConfigurationPlatforms) = preSolution
		Debug|Any CPU = Debug|Any CPU
		Release|Any CPU = Release|Any CPU
	EndGlobalSection
	GlobalSection(SolutionProperties) = preSolution
		HideSolutionNode = FALSE
	EndGlobalSection
	GlobalSection(ProjectConfigurationPlatforms) = postSolution
		{9B8A969E-C471-4EE9-9641-3DC00433D5FC}.Debug|Any CPU.ActiveCfg = Debug|Any CPU
		{9B8A969E-C471-4EE9-9641-3DC00433D5FC}.Debug|Any CPU.Build.0 = Debug|Any CPU
		{9B8A969E-C471-4EE9-9641-3DC00433D5FC}.Release|Any CPU.ActiveCfg = Release|Any CPU
		{9B8A969E-C471-4EE9-9641-3DC00433D5FC}.Release|Any CPU.Build.0 = Release|Any CPU
		{A6ED4FE0-50E8-417A-9BC6-454D5A45335C}.Debug|Any CPU.ActiveCfg = Debug|Any CPU
		{A6ED4FE0-50E8-417A-9BC6-454D5A45335C}.Debug|Any CPU.Build.0 = Debug|Any CPU
		{A6ED4FE0-50E8-417A-9BC6-454D5A45335C}.Release|Any CPU.ActiveCfg = Release|Any CPU
		{A6ED4FE0-50E8-417A-9BC6-454D5A45335C}.Release|Any CPU.Build.0 = Release|Any CPU
		{2F731277-2432-4D7F-ABBD-CD18E28CB9DD}.Debug|Any CPU.ActiveCfg = Debug|Any CPU
		{2F731277-2432-4D7F-ABBD-CD18E28CB9DD}.Debug|Any CPU.Build.0 = Debug|Any CPU
		{2F731277-2432-4D7F-ABBD-CD18E28CB9DD}.Release|Any CPU.ActiveCfg = Release|Any CPU
		{2F731277-2432-4D7F-ABBD-CD18E28CB9DD}.Release|Any CPU.Build.0 = Release|Any CPU
		{B0D335E0-176B-4665-B2B4-00BA999226CE}.Debug|Any CPU.ActiveCfg = Debug|Any CPU
		{B0D335E0-176B-4665-B2B4-00BA999226CE}.Debug|Any CPU.Build.0 = Debug|Any CPU
		{B0D335E0-176B-4665-B2B4-00BA999226CE}.Release|Any CPU.ActiveCfg = Release|Any CPU
		{B0D335E0-176B-4665-B2B4-00BA999226CE}.Release|Any CPU.Build.0 = Release|Any CPU
		{0F8C929B-C118-456F-B207-44FB5342493E}.Debug|Any CPU.ActiveCfg = Debug|Any CPU
		{0F8C929B-C118-456F-B207-44FB5342493E}.Debug|Any CPU.Build.0 = Debug|Any CPU
		{0F8C929B-C118-456F-B207-44FB5342493E}.Release|Any CPU.ActiveCfg = Release|Any CPU
		{0F8C929B-C118-456F-B207-44FB5342493E}.Release|Any CPU.Build.0 = Release|Any CPU
	EndGlobalSection
EndGlobal
