
Microsoft Visual Studio Solution File, Format Version 12.00
Project("{FAE04EC0-301F-11D3-BF4B-00C04F79EFBC}") = "Sims1WidescreenPatcher.Windows", "Sims1WidescreenPatcher.Windows\Sims1WidescreenPatcher.Windows.csproj", "{CCE78787-BCE8-4FC1-9839-67EAA13A7271}"
EndProject
Project("{FAE04EC0-301F-11D3-BF4B-00C04F79EFBC}") = "Sims1WidescreenPatcher.Core", "Sims1WidescreenPatcher.Core\Sims1WidescreenPatcher.Core.csproj", "{EEEFD245-C1F9-4F49-89F5-CBFBADE12D72}"
EndProject
Project("{FAE04EC0-301F-11D3-BF4B-00C04F79EFBC}") = "Sims1WidescreenPatcher.UI", "Sims1WidescreenPatcher.UI\Sims1WidescreenPatcher.UI.csproj", "{60E8F422-0F65-421F-8D9A-D87EBBDC3F2A}"
EndProject
Project("{FAE04EC0-301F-11D3-BF4B-00C04F79EFBC}") = "Sims1WidescreenPatcher.Utilities", "Sims1WidescreenPatcher.Utilities\Sims1WidescreenPatcher.Utilities.csproj", "{6FF36FED-9279-410E-8A61-DD8FE4209912}"
EndProject
Project("{FAE04EC0-301F-11D3-BF4B-00C04F79EFBC}") = "Sims1WidescreenPatcher.Images", "Sims1WidescreenPatcher.Images\Sims1WidescreenPatcher.Images.csproj", "{8F0524B7-0102-44BC-BBCE-1E8EBE82BD45}"
EndProject
Global
	GlobalSection(SolutionConfigurationPlatforms) = preSolution
		Debug|Any CPU = Debug|Any CPU
		Release|Any CPU = Release|Any CPU
	EndGlobalSection
	GlobalSection(ProjectConfigurationPlatforms) = postSolution
		{CCE78787-BCE8-4FC1-9839-67EAA13A7271}.Debug|Any CPU.ActiveCfg = Debug|Any CPU
		{CCE78787-BCE8-4FC1-9839-67EAA13A7271}.Debug|Any CPU.Build.0 = Debug|Any CPU
		{CCE78787-BCE8-4FC1-9839-67EAA13A7271}.Release|Any CPU.ActiveCfg = Release|Any CPU
		{CCE78787-BCE8-4FC1-9839-67EAA13A7271}.Release|Any CPU.Build.0 = Release|Any CPU
		{EEEFD245-C1F9-4F49-89F5-CBFBADE12D72}.Debug|Any CPU.ActiveCfg = Debug|Any CPU
		{EEEFD245-C1F9-4F49-89F5-CBFBADE12D72}.Debug|Any CPU.Build.0 = Debug|Any CPU
		{EEEFD245-C1F9-4F49-89F5-CBFBADE12D72}.Release|Any CPU.ActiveCfg = Release|Any CPU
		{EEEFD245-C1F9-4F49-89F5-CBFBADE12D72}.Release|Any CPU.Build.0 = Release|Any CPU
		{60E8F422-0F65-421F-8D9A-D87EBBDC3F2A}.Debug|Any CPU.ActiveCfg = Debug|Any CPU
		{60E8F422-0F65-421F-8D9A-D87EBBDC3F2A}.Debug|Any CPU.Build.0 = Debug|Any CPU
		{60E8F422-0F65-421F-8D9A-D87EBBDC3F2A}.Release|Any CPU.ActiveCfg = Release|Any CPU
		{60E8F422-0F65-421F-8D9A-D87EBBDC3F2A}.Release|Any CPU.Build.0 = Release|Any CPU
		{6FF36FED-9279-410E-8A61-DD8FE4209912}.Debug|Any CPU.ActiveCfg = Debug|Any CPU
		{6FF36FED-9279-410E-8A61-DD8FE4209912}.Debug|Any CPU.Build.0 = Debug|Any CPU
		{6FF36FED-9279-410E-8A61-DD8FE4209912}.Release|Any CPU.ActiveCfg = Release|Any CPU
		{6FF36FED-9279-410E-8A61-DD8FE4209912}.Release|Any CPU.Build.0 = Release|Any CPU
		{8F0524B7-0102-44BC-BBCE-1E8EBE82BD45}.Debug|Any CPU.ActiveCfg = Debug|Any CPU
		{8F0524B7-0102-44BC-BBCE-1E8EBE82BD45}.Debug|Any CPU.Build.0 = Debug|Any CPU
		{8F0524B7-0102-44BC-BBCE-1E8EBE82BD45}.Release|Any CPU.ActiveCfg = Release|Any CPU
		{8F0524B7-0102-44BC-BBCE-1E8EBE82BD45}.Release|Any CPU.Build.0 = Release|Any CPU
	EndGlobalSection
EndGlobal
