
Microsoft Visual Studio Solution File, Format Version 12.00
# Visual Studio Version 16
VisualStudioVersion = 16.0.30114.105
MinimumVisualStudioVersion = 10.0.40219.1
Project("{FAE04EC0-301F-11D3-BF4B-00C04F79EFBC}") = "Sims1WidescreenPatcher.Core", "Sims1WidescreenPatcher.Core\Sims1WidescreenPatcher.Core.csproj", "{7BD2CD28-740E-4CFB-8284-0AC72F8BDC3D}"
EndProject
Project("{FAE04EC0-301F-11D3-BF4B-00C04F79EFBC}") = "Sims1WidescreenPatcher.Images", "Sims1WidescreenPatcher.Images\Sims1WidescreenPatcher.Images.csproj", "{363867FA-5437-4852-9493-1826C06B1375}"
EndProject
Project("{FAE04EC0-301F-11D3-BF4B-00C04F79EFBC}") = "Sims1WidescreenPatcher.UI", "Sims1WidescreenPatcher.UI\Sims1WidescreenPatcher.UI.csproj", "{01930540-E782-48C6-BDDA-35B7AA3AB4BB}"
EndProject
Project("{FAE04EC0-301F-11D3-BF4B-00C04F79EFBC}") = "Sims1WidescreenPatcher.Utilities", "Sims1WidescreenPatcher.Utilities\Sims1WidescreenPatcher.Utilities.csproj", "{76B7727B-678E-43F5-B762-AE1A9DFB0108}"
EndProject
Project("{FAE04EC0-301F-11D3-BF4B-00C04F79EFBC}") = "Sims1WidescreenPatcher.MacOS", "Sims1WidescreenPatcher.MacOS\Sims1WidescreenPatcher.MacOS.csproj", "{906304A8-D379-42EF-9A21-43B427E141EC}"
EndProject
Global
	GlobalSection(SolutionConfigurationPlatforms) = preSolution
		Debug|Any CPU = Debug|Any CPU
		Release|Any CPU = Release|Any CPU
	EndGlobalSection
	GlobalSection(SolutionProperties) = preSolution
		HideSolutionNode = FALSE
	EndGlobalSection
	GlobalSection(ProjectConfigurationPlatforms) = postSolution
		{7BD2CD28-740E-4CFB-8284-0AC72F8BDC3D}.Debug|Any CPU.ActiveCfg = Debug|Any CPU
		{7BD2CD28-740E-4CFB-8284-0AC72F8BDC3D}.Debug|Any CPU.Build.0 = Debug|Any CPU
		{7BD2CD28-740E-4CFB-8284-0AC72F8BDC3D}.Release|Any CPU.ActiveCfg = Release|Any CPU
		{7BD2CD28-740E-4CFB-8284-0AC72F8BDC3D}.Release|Any CPU.Build.0 = Release|Any CPU
		{363867FA-5437-4852-9493-1826C06B1375}.Debug|Any CPU.ActiveCfg = Debug|Any CPU
		{363867FA-5437-4852-9493-1826C06B1375}.Debug|Any CPU.Build.0 = Debug|Any CPU
		{363867FA-5437-4852-9493-1826C06B1375}.Release|Any CPU.ActiveCfg = Release|Any CPU
		{363867FA-5437-4852-9493-1826C06B1375}.Release|Any CPU.Build.0 = Release|Any CPU
		{01930540-E782-48C6-BDDA-35B7AA3AB4BB}.Debug|Any CPU.ActiveCfg = Debug|Any CPU
		{01930540-E782-48C6-BDDA-35B7AA3AB4BB}.Debug|Any CPU.Build.0 = Debug|Any CPU
		{01930540-E782-48C6-BDDA-35B7AA3AB4BB}.Release|Any CPU.ActiveCfg = Release|Any CPU
		{01930540-E782-48C6-BDDA-35B7AA3AB4BB}.Release|Any CPU.Build.0 = Release|Any CPU
		{76B7727B-678E-43F5-B762-AE1A9DFB0108}.Debug|Any CPU.ActiveCfg = Debug|Any CPU
		{76B7727B-678E-43F5-B762-AE1A9DFB0108}.Debug|Any CPU.Build.0 = Debug|Any CPU
		{76B7727B-678E-43F5-B762-AE1A9DFB0108}.Release|Any CPU.ActiveCfg = Release|Any CPU
		{76B7727B-678E-43F5-B762-AE1A9DFB0108}.Release|Any CPU.Build.0 = Release|Any CPU
		{906304A8-D379-42EF-9A21-43B427E141EC}.Debug|Any CPU.ActiveCfg = Debug|Any CPU
		{906304A8-D379-42EF-9A21-43B427E141EC}.Debug|Any CPU.Build.0 = Debug|Any CPU
		{906304A8-D379-42EF-9A21-43B427E141EC}.Release|Any CPU.ActiveCfg = Release|Any CPU
		{906304A8-D379-42EF-9A21-43B427E141EC}.Release|Any CPU.Build.0 = Release|Any CPU
	EndGlobalSection
EndGlobal
